Microsoft Visual Studio Solution File, Format Version 12.00
# Visual Studio Version 17
VisualStudioVersion = 17.5.2.0
MinimumVisualStudioVersion = 10.0.40219.1
Project("{FAE04EC0-301F-11D3-BF4B-00C04F79EFBC}") = "ColaDemo", "ColaDemo.csproj", "{06E0BA67-1471-3742-57A8-04567E19281F}"
EndProject
Global
	GlobalSection(SolutionConfigurationPlatforms) = preSolution
		Debug|Any CPU = Debug|Any CPU
		Release|Any CPU = Release|Any CPU
	EndGlobalSection
	GlobalSection(ProjectConfigurationPlatforms) = postSolution
		{06E0BA67-1471-3742-57A8-04567E19281F}.Debug|Any CPU.ActiveCfg = Debug|Any CPU
		{06E0BA67-1471-3742-57A8-04567E19281F}.Debug|Any CPU.Build.0 = Debug|Any CPU
		{06E0BA67-1471-3742-57A8-04567E19281F}.Release|Any CPU.ActiveCfg = Release|Any CPU
		{06E0BA67-1471-3742-57A8-04567E19281F}.Release|Any CPU.Build.0 = Release|Any CPU
	EndGlobalSection
	GlobalSection(SolutionProperties) = preSolution
		HideSolutionNode = FALSE
	EndGlobalSection
	GlobalSection(ExtensibilityGlobals) = postSolution
		SolutionGuid = {41E975B0-67D8-408B-9F9A-5DC70BB46F4C}
	EndGlobalSection
EndGlobal
